// !$*UTF8*$!
{
	archiveVersion = 1;
	classes = {
	};
	objectVersion = 48;
	objects = {

/* Begin PBXBuildFile section */
		FF0D405E208451740011E6E4 /* WireWidget.mm in Sources */ = {isa = PBXBuildFile; fileRef = FF0D405D208451740011E6E4 /* WireWidget.mm */; };
		FF0D40602084528E0011E6E4 /* Rack.m in Sources */ = {isa = PBXBuildFile; fileRef = FFBEE0502084472F002BA19D /* Rack.m */; };
		FF0D4061208453150011E6E4 /* engine.cpp in Sources */ = {isa = PBXBuildFile; fileRef = FFAA01942083F6AA0024C260 /* engine.cpp */; };
		FF0D40642084559A0011E6E4 /* ModuleWidget.mm in Sources */ = {isa = PBXBuildFile; fileRef = FF0D40632084559A0011E6E4 /* ModuleWidget.mm */; };
		FF0D40652084593B0011E6E4 /* EngineAudioInterface.mm in Sources */ = {isa = PBXBuildFile; fileRef = FF3BBBE9207ABF68004F7834 /* EngineAudioInterface.mm */; };
		FF260F09208BB35900821190 /* LFO1Widget.mm in Sources */ = {isa = PBXBuildFile; fileRef = FF260F06208BB35800821190 /* LFO1Widget.mm */; };
		FF260F0A208BB35900821190 /* LFO1.xib in Resources */ = {isa = PBXBuildFile; fileRef = FF260F08208BB35900821190 /* LFO1.xib */; };
		FF4A4B2F208A9DA400364E5D /* AudioInterface.xib in Resources */ = {isa = PBXBuildFile; fileRef = FF4A4B2E208A9DA400364E5D /* AudioInterface.xib */; };
		FF83DEDA208A601B005654EA /* VCO1.xib in Resources */ = {isa = PBXBuildFile; fileRef = FF83DED9208A601B005654EA /* VCO1.xib */; };
		FF87A47F208A4E9F0005184B /* ModuleBuilder.mm in Sources */ = {isa = PBXBuildFile; fileRef = FF87A47E208A4E9F0005184B /* ModuleBuilder.mm */; };
		FF87A488208A52F00005184B /* ModuleDescription.m in Sources */ = {isa = PBXBuildFile; fileRef = FF87A487208A52F00005184B /* ModuleDescription.m */; };
		FFA6C0A82079DF5300F039B3 /* AppDelegate.swift in Sources */ = {isa = PBXBuildFile; fileRef = FFA6C0A72079DF5300F039B3 /* AppDelegate.swift */; };
		FFA6C0AD2079DF5300F039B3 /* Main.storyboard in Resources */ = {isa = PBXBuildFile; fileRef = FFA6C0AB2079DF5300F039B3 /* Main.storyboard */; };
		FFA6C0AF2079DF5300F039B3 /* Assets.xcassets in Resources */ = {isa = PBXBuildFile; fileRef = FFA6C0AE2079DF5300F039B3 /* Assets.xcassets */; };
		FFA6C0B22079DF5300F039B3 /* LaunchScreen.storyboard in Resources */ = {isa = PBXBuildFile; fileRef = FFA6C0B02079DF5300F039B3 /* LaunchScreen.storyboard */; };
		FFAA01912083F46A0024C260 /* VCO1Widget.mm in Sources */ = {isa = PBXBuildFile; fileRef = FFAA018E2083F2240024C260 /* VCO1Widget.mm */; };
		FFBEE04620843657002BA19D /* AudioInterfaceWidget.mm in Sources */ = {isa = PBXBuildFile; fileRef = FFBEE0432084259B002BA19D /* AudioInterfaceWidget.mm */; };
		FFBEE04C20844598002BA19D /* MainViewController.mm in Sources */ = {isa = PBXBuildFile; fileRef = FFBEE04B20844598002BA19D /* MainViewController.mm */; };
		FFF15D872086A3AE00DD1451 /* AudioToolbox.framework in Frameworks */ = {isa = PBXBuildFile; fileRef = FF3BBC01207AC12D004F7834 /* AudioToolbox.framework */; };
		FFF15D8B2086A54500DD1451 /* CoreAudio.framework in Frameworks */ = {isa = PBXBuildFile; fileRef = FFF15D852086A35400DD1451 /* CoreAudio.framework */; };
/* End PBXBuildFile section */

/* Begin PBXCopyFilesBuildPhase section */
		FF3BBBF9207AC0C0004F7834 /* Embed Frameworks */ = {
			isa = PBXCopyFilesBuildPhase;
			buildActionMask = 2147483647;
			dstPath = "";
			dstSubfolderSpec = 10;
			files = (
			);
			name = "Embed Frameworks";
			runOnlyForDeploymentPostprocessing = 0;
		};
/* End PBXCopyFilesBuildPhase section */

/* Begin PBXFileReference section */
		FF0D405C208451740011E6E4 /* WireWidget.h */ = {isa = PBXFileReference; lastKnownFileType = sourcecode.c.h; path = WireWidget.h; sourceTree = "<group>"; };
		FF0D405D208451740011E6E4 /* WireWidget.mm */ = {isa = PBXFileReference; lastKnownFileType = sourcecode.cpp.objcpp; path = WireWidget.mm; sourceTree = "<group>"; };
		FF0D40622084559A0011E6E4 /* ModuleWidget.h */ = {isa = PBXFileReference; lastKnownFileType = sourcecode.c.h; path = ModuleWidget.h; sourceTree = "<group>"; };
		FF0D40632084559A0011E6E4 /* ModuleWidget.mm */ = {isa = PBXFileReference; lastKnownFileType = sourcecode.cpp.objcpp; path = ModuleWidget.mm; sourceTree = "<group>"; };
		FF215E1E208BB78D0005A5AD /* LowFrequencyOscillator.h */ = {isa = PBXFileReference; lastKnownFileType = sourcecode.c.h; path = LowFrequencyOscillator.h; sourceTree = "<group>"; };
		FF260F05208BB35800821190 /* LFO1Widget.h */ = {isa = PBXFileReference; fileEncoding = 4; lastKnownFileType = sourcecode.c.h; path = LFO1Widget.h; sourceTree = "<group>"; };
		FF260F06208BB35800821190 /* LFO1Widget.mm */ = {isa = PBXFileReference; fileEncoding = 4; lastKnownFileType = sourcecode.cpp.objcpp; path = LFO1Widget.mm; sourceTree = "<group>"; };
		FF260F07208BB35800821190 /* LFO1.h */ = {isa = PBXFileReference; fileEncoding = 4; lastKnownFileType = sourcecode.c.h; path = LFO1.h; sourceTree = "<group>"; };
		FF260F08208BB35900821190 /* LFO1.xib */ = {isa = PBXFileReference; fileEncoding = 4; lastKnownFileType = file.xib; path = LFO1.xib; sourceTree = "<group>"; };
		FF3715E2208F95B000C869DC /* VoltageControlledOscillator.h */ = {isa = PBXFileReference; lastKnownFileType = sourcecode.c.h; path = VoltageControlledOscillator.h; sourceTree = "<group>"; };
		FF3715E4208F9A0200C869DC /* decimator.h */ = {isa = PBXFileReference; fileEncoding = 4; lastKnownFileType = sourcecode.c.h; path = decimator.h; sourceTree = "<group>"; };
		FF3715E5208F9A4000C869DC /* fir.h */ = {isa = PBXFileReference; fileEncoding = 4; lastKnownFileType = sourcecode.c.h; path = fir.h; sourceTree = "<group>"; };
		FF3715E6208F9A5500C869DC /* functions.h */ = {isa = PBXFileReference; lastKnownFileType = sourcecode.c.h; path = functions.h; sourceTree = "<group>"; };
		FF3BBBE9207ABF68004F7834 /* EngineAudioInterface.mm */ = {isa = PBXFileReference; lastKnownFileType = sourcecode.cpp.objcpp; path = EngineAudioInterface.mm; sourceTree = "<group>"; };
		FF3BBBEA207ABF68004F7834 /* EngineAudioInterface.h */ = {isa = PBXFileReference; lastKnownFileType = sourcecode.c.h; path = EngineAudioInterface.h; sourceTree = "<group>"; };
		FF3BBBFF207AC128004F7834 /* AVFoundation.framework */ = {isa = PBXFileReference; lastKnownFileType = wrapper.framework; name = AVFoundation.framework; path = System/Library/Frameworks/AVFoundation.framework; sourceTree = SDKROOT; };
		FF3BBC01207AC12D004F7834 /* AudioToolbox.framework */ = {isa = PBXFileReference; lastKnownFileType = wrapper.framework; name = AudioToolbox.framework; path = System/Library/Frameworks/AudioToolbox.framework; sourceTree = SDKROOT; };
		FF3BBC07207AC672004F7834 /* BufferedAudioBus.hpp */ = {isa = PBXFileReference; fileEncoding = 4; lastKnownFileType = sourcecode.cpp.h; path = BufferedAudioBus.hpp; sourceTree = "<group>"; };
		FF3BBC0D207ADF0B004F7834 /* engine.h */ = {isa = PBXFileReference; fileEncoding = 4; lastKnownFileType = sourcecode.c.h; path = engine.h; sourceTree = "<group>"; };
		FF4A4B2E208A9DA400364E5D /* AudioInterface.xib */ = {isa = PBXFileReference; lastKnownFileType = file.xib; path = AudioInterface.xib; sourceTree = "<group>"; };
		FF6F2A8B2086F50F0035AB95 /* common.h */ = {isa = PBXFileReference; lastKnownFileType = sourcecode.c.h; path = common.h; sourceTree = "<group>"; };
		FF83DED9208A601B005654EA /* VCO1.xib */ = {isa = PBXFileReference; lastKnownFileType = file.xib; path = VCO1.xib; sourceTree = "<group>"; };
		FF87A47D208A4E9F0005184B /* ModuleBuilder.h */ = {isa = PBXFileReference; lastKnownFileType = sourcecode.c.h; path = ModuleBuilder.h; sourceTree = "<group>"; };
		FF87A47E208A4E9F0005184B /* ModuleBuilder.mm */ = {isa = PBXFileReference; lastKnownFileType = sourcecode.cpp.objcpp; path = ModuleBuilder.mm; sourceTree = "<group>"; };
		FF87A486208A52F00005184B /* ModuleDescription.h */ = {isa = PBXFileReference; lastKnownFileType = sourcecode.c.h; path = ModuleDescription.h; sourceTree = "<group>"; };
		FF87A487208A52F00005184B /* ModuleDescription.m */ = {isa = PBXFileReference; lastKnownFileType = sourcecode.c.objc; path = ModuleDescription.m; sourceTree = "<group>"; };
		FFA6C0A42079DF5300F039B3 /* Modular.app */ = {isa = PBXFileReference; explicitFileType = wrapper.application; includeInIndex = 0; path = Modular.app; sourceTree = BUILT_PRODUCTS_DIR; };
		FFA6C0A72079DF5300F039B3 /* AppDelegate.swift */ = {isa = PBXFileReference; lastKnownFileType = sourcecode.swift; path = AppDelegate.swift; sourceTree = "<group>"; };
		FFA6C0AC2079DF5300F039B3 /* Base */ = {isa = PBXFileReference; lastKnownFileType = file.storyboard; name = Base; path = Base.lproj/Main.storyboard; sourceTree = "<group>"; };
		FFA6C0AE2079DF5300F039B3 /* Assets.xcassets */ = {isa = PBXFileReference; lastKnownFileType = folder.assetcatalog; path = Assets.xcassets; sourceTree = "<group>"; };
		FFA6C0B12079DF5300F039B3 /* Base */ = {isa = PBXFileReference; lastKnownFileType = file.storyboard; name = Base; path = Base.lproj/LaunchScreen.storyboard; sourceTree = "<group>"; };
		FFA6C0B32079DF5300F039B3 /* Info.plist */ = {isa = PBXFileReference; lastKnownFileType = text.plist.xml; path = Info.plist; sourceTree = "<group>"; };
		FFAA01852083D3F70024C260 /* AudioInterface.h */ = {isa = PBXFileReference; lastKnownFileType = sourcecode.c.h; path = AudioInterface.h; sourceTree = "<group>"; };
		FFAA018B2083EC480024C260 /* VCO1.h */ = {isa = PBXFileReference; lastKnownFileType = sourcecode.c.h; path = VCO1.h; sourceTree = "<group>"; };
		FFAA018D2083F2240024C260 /* VCO1Widget.h */ = {isa = PBXFileReference; lastKnownFileType = sourcecode.c.h; path = VCO1Widget.h; sourceTree = "<group>"; };
		FFAA018E2083F2240024C260 /* VCO1Widget.mm */ = {isa = PBXFileReference; lastKnownFileType = sourcecode.cpp.objcpp; path = VCO1Widget.mm; sourceTree = "<group>"; };
		FFAA01942083F6AA0024C260 /* engine.cpp */ = {isa = PBXFileReference; lastKnownFileType = sourcecode.cpp.cpp; path = engine.cpp; sourceTree = "<group>"; };
		FFBEE0422084259B002BA19D /* AudioInterfaceWidget.h */ = {isa = PBXFileReference; lastKnownFileType = sourcecode.c.h; path = AudioInterfaceWidget.h; sourceTree = "<group>"; };
		FFBEE0432084259B002BA19D /* AudioInterfaceWidget.mm */ = {isa = PBXFileReference; lastKnownFileType = sourcecode.cpp.objcpp; path = AudioInterfaceWidget.mm; sourceTree = "<group>"; };
		FFBEE04A20844598002BA19D /* MainViewController.h */ = {isa = PBXFileReference; lastKnownFileType = sourcecode.c.h; path = MainViewController.h; sourceTree = "<group>"; };
		FFBEE04B20844598002BA19D /* MainViewController.mm */ = {isa = PBXFileReference; lastKnownFileType = sourcecode.cpp.objcpp; path = MainViewController.mm; sourceTree = "<group>"; };
		FFBEE04F2084472F002BA19D /* Rack.h */ = {isa = PBXFileReference; lastKnownFileType = sourcecode.c.h; path = Rack.h; sourceTree = "<group>"; };
		FFBEE0502084472F002BA19D /* Rack.m */ = {isa = PBXFileReference; lastKnownFileType = sourcecode.c.objc; path = Rack.m; sourceTree = "<group>"; };
		FFF15D842086998A00DD1451 /* audio.h */ = {isa = PBXFileReference; lastKnownFileType = sourcecode.c.h; path = audio.h; sourceTree = "<group>"; };
		FFF15D852086A35400DD1451 /* CoreAudio.framework */ = {isa = PBXFileReference; lastKnownFileType = wrapper.framework; name = CoreAudio.framework; path = System/Library/Frameworks/CoreAudio.framework; sourceTree = SDKROOT; };
		FFF15D882086A3B300DD1451 /* AudioUnit.framework */ = {isa = PBXFileReference; lastKnownFileType = wrapper.framework; name = AudioUnit.framework; path = System/Library/Frameworks/AudioUnit.framework; sourceTree = SDKROOT; };
		FFF15D8C2086A99900DD1451 /* ringbuffer.h */ = {isa = PBXFileReference; lastKnownFileType = sourcecode.c.h; path = ringbuffer.h; sourceTree = "<group>"; };
		FFF15D8D2086AA9000DD1451 /* mathx.h */ = {isa = PBXFileReference; lastKnownFileType = sourcecode.c.h; path = mathx.h; sourceTree = "<group>"; };
/* End PBXFileReference section */

/* Begin PBXFrameworksBuildPhase section */
		FFA6C0A12079DF5300F039B3 /* Frameworks */ = {
			isa = PBXFrameworksBuildPhase;
			buildActionMask = 2147483647;
			files = (
				FFF15D8B2086A54500DD1451 /* CoreAudio.framework in Frameworks */,
				FFF15D872086A3AE00DD1451 /* AudioToolbox.framework in Frameworks */,
			);
			runOnlyForDeploymentPostprocessing = 0;
		};
/* End PBXFrameworksBuildPhase section */

/* Begin PBXGroup section */
		FF3715E3208F99E600C869DC /* DSP */ = {
			isa = PBXGroup;
			children = (
				FF3715E6208F9A5500C869DC /* functions.h */,
				FF3715E5208F9A4000C869DC /* fir.h */,
				FFF15D8C2086A99900DD1451 /* ringbuffer.h */,
				FF3715E4208F9A0200C869DC /* decimator.h */,
			);
			path = DSP;
			sourceTree = "<group>";
		};
		FF87A480208A4EC50005184B /* Fundemental */ = {
			isa = PBXGroup;
			children = (
				FF215E1E208BB78D0005A5AD /* LowFrequencyOscillator.h */,
				FF3715E2208F95B000C869DC /* VoltageControlledOscillator.h */,
				FF260F07208BB35800821190 /* LFO1.h */,
				FF260F08208BB35900821190 /* LFO1.xib */,
				FF260F05208BB35800821190 /* LFO1Widget.h */,
				FF260F06208BB35800821190 /* LFO1Widget.mm */,
				FFAA018B2083EC480024C260 /* VCO1.h */,
				FF83DED9208A601B005654EA /* VCO1.xib */,
				FFAA018D2083F2240024C260 /* VCO1Widget.h */,
				FFAA018E2083F2240024C260 /* VCO1Widget.mm */,
			);
			path = Fundemental;
			sourceTree = "<group>";
		};
		FF87A481208A4EE10005184B /* Core */ = {
			isa = PBXGroup;
			children = (
				FFAA01852083D3F70024C260 /* AudioInterface.h */,
				FF4A4B2E208A9DA400364E5D /* AudioInterface.xib */,
				FFBEE0422084259B002BA19D /* AudioInterfaceWidget.h */,
				FFBEE0432084259B002BA19D /* AudioInterfaceWidget.mm */,
			);
			path = Core;
			sourceTree = "<group>";
		};
		FFA6C09B2079DF5300F039B3 = {
			isa = PBXGroup;
			children = (
				FFA6C0A62079DF5300F039B3 /* Modular */,
				FFA6C0A52079DF5300F039B3 /* Products */,
				FFADB8262079E3A8007350C5 /* Frameworks */,
			);
			sourceTree = "<group>";
		};
		FFA6C0A52079DF5300F039B3 /* Products */ = {
			isa = PBXGroup;
			children = (
				FFA6C0A42079DF5300F039B3 /* Modular.app */,
			);
			name = Products;
			sourceTree = "<group>";
		};
		FFA6C0A62079DF5300F039B3 /* Modular */ = {
			isa = PBXGroup;
			children = (
				FFA9923A207AEF5400EA7F6E /* Engine */,
				FFAA018A2083EC370024C260 /* Modules */,
				FF0D405C208451740011E6E4 /* WireWidget.h */,
				FF0D405D208451740011E6E4 /* WireWidget.mm */,
				FFBEE04A20844598002BA19D /* MainViewController.h */,
				FFBEE04B20844598002BA19D /* MainViewController.mm */,
				FFA6C0A72079DF5300F039B3 /* AppDelegate.swift */,
				FFA6C0AB2079DF5300F039B3 /* Main.storyboard */,
				FFA6C0AE2079DF5300F039B3 /* Assets.xcassets */,
				FFA6C0B02079DF5300F039B3 /* LaunchScreen.storyboard */,
				FFA6C0B32079DF5300F039B3 /* Info.plist */,
			);
			path = Modular;
			sourceTree = "<group>";
		};
		FFA9923A207AEF5400EA7F6E /* Engine */ = {
			isa = PBXGroup;
			children = (
				FF3715E3208F99E600C869DC /* DSP */,
				FFF15D8E2086AA9B00DD1451 /* Util */,
				FF3BBC0D207ADF0B004F7834 /* engine.h */,
				FFAA01942083F6AA0024C260 /* engine.cpp */,
				FFF15D842086998A00DD1451 /* audio.h */,
				FF3BBBEA207ABF68004F7834 /* EngineAudioInterface.h */,
				FF3BBBE9207ABF68004F7834 /* EngineAudioInterface.mm */,
				FFBEE04F2084472F002BA19D /* Rack.h */,
				FFBEE0502084472F002BA19D /* Rack.m */,
			);
			path = Engine;
			sourceTree = "<group>";
		};
		FFAA018A2083EC370024C260 /* Modules */ = {
			isa = PBXGroup;
			children = (
				FF87A481208A4EE10005184B /* Core */,
				FF87A480208A4EC50005184B /* Fundemental */,
				FF87A486208A52F00005184B /* ModuleDescription.h */,
				FF87A487208A52F00005184B /* ModuleDescription.m */,
				FF0D40622084559A0011E6E4 /* ModuleWidget.h */,
				FF0D40632084559A0011E6E4 /* ModuleWidget.mm */,
				FF87A47D208A4E9F0005184B /* ModuleBuilder.h */,
				FF87A47E208A4E9F0005184B /* ModuleBuilder.mm */,
			);
			path = Modules;
			sourceTree = "<group>";
		};
		FFADB8262079E3A8007350C5 /* Frameworks */ = {
			isa = PBXGroup;
			children = (
				FFF15D882086A3B300DD1451 /* AudioUnit.framework */,
				FFF15D852086A35400DD1451 /* CoreAudio.framework */,
				FF3BBC01207AC12D004F7834 /* AudioToolbox.framework */,
				FF3BBBFF207AC128004F7834 /* AVFoundation.framework */,
			);
			name = Frameworks;
			sourceTree = "<group>";
		};
		FFF15D8E2086AA9B00DD1451 /* Util */ = {
			isa = PBXGroup;
			children = (
				FF3BBC07207AC672004F7834 /* BufferedAudioBus.hpp */,
				FFF15D8D2086AA9000DD1451 /* mathx.h */,
				FF6F2A8B2086F50F0035AB95 /* common.h */,
			);
			path = Util;
			sourceTree = "<group>";
		};
/* End PBXGroup section */

/* Begin PBXNativeTarget section */
		FFA6C0A32079DF5300F039B3 /* Modular */ = {
			isa = PBXNativeTarget;
			buildConfigurationList = FFA6C0B62079DF5300F039B3 /* Build configuration list for PBXNativeTarget "Modular" */;
			buildPhases = (
				FFA6C0A02079DF5300F039B3 /* Sources */,
				FFA6C0A12079DF5300F039B3 /* Frameworks */,
				FFA6C0A22079DF5300F039B3 /* Resources */,
				FF3BBBF9207AC0C0004F7834 /* Embed Frameworks */,
			);
			buildRules = (
			);
			dependencies = (
			);
			name = Modular;
			productName = Modular;
			productReference = FFA6C0A42079DF5300F039B3 /* Modular.app */;
			productType = "com.apple.product-type.application";
		};
/* End PBXNativeTarget section */

/* Begin PBXProject section */
		FFA6C09C2079DF5300F039B3 /* Project object */ = {
			isa = PBXProject;
			attributes = {
				LastSwiftUpdateCheck = 0920;
				LastUpgradeCheck = 0920;
				ORGANIZATIONNAME = "Kyle Stewart";
				TargetAttributes = {
					FFA6C0A32079DF5300F039B3 = {
						CreatedOnToolsVersion = 9.2;
						LastSwiftMigration = 0920;
						ProvisioningStyle = Automatic;
					};
				};
			};
			buildConfigurationList = FFA6C09F2079DF5300F039B3 /* Build configuration list for PBXProject "Modular" */;
			compatibilityVersion = "Xcode 8.0";
			developmentRegion = en;
			hasScannedForEncodings = 0;
			knownRegions = (
				en,
				Base,
			);
			mainGroup = FFA6C09B2079DF5300F039B3;
			productRefGroup = FFA6C0A52079DF5300F039B3 /* Products */;
			projectDirPath = "";
			projectRoot = "";
			targets = (
				FFA6C0A32079DF5300F039B3 /* Modular */,
			);
		};
/* End PBXProject section */

/* Begin PBXResourcesBuildPhase section */
		FFA6C0A22079DF5300F039B3 /* Resources */ = {
			isa = PBXResourcesBuildPhase;
			buildActionMask = 2147483647;
			files = (
				FFA6C0B22079DF5300F039B3 /* LaunchScreen.storyboard in Resources */,
				FF260F0A208BB35900821190 /* LFO1.xib in Resources */,
				FFA6C0AF2079DF5300F039B3 /* Assets.xcassets in Resources */,
				FF83DEDA208A601B005654EA /* VCO1.xib in Resources */,
				FFA6C0AD2079DF5300F039B3 /* Main.storyboard in Resources */,
				FF4A4B2F208A9DA400364E5D /* AudioInterface.xib in Resources */,
			);
			runOnlyForDeploymentPostprocessing = 0;
		};
/* End PBXResourcesBuildPhase section */

/* Begin PBXSourcesBuildPhase section */
		FFA6C0A02079DF5300F039B3 /* Sources */ = {
			isa = PBXSourcesBuildPhase;
			buildActionMask = 2147483647;
			files = (
				FFBEE04C20844598002BA19D /* MainViewController.mm in Sources */,
				FF87A47F208A4E9F0005184B /* ModuleBuilder.mm in Sources */,
				FFAA01912083F46A0024C260 /* VCO1Widget.mm in Sources */,
				FF0D4061208453150011E6E4 /* engine.cpp in Sources */,
				FF87A488208A52F00005184B /* ModuleDescription.m in Sources */,
				FF0D40642084559A0011E6E4 /* ModuleWidget.mm in Sources */,
				FFBEE04620843657002BA19D /* AudioInterfaceWidget.mm in Sources */,
				FF0D405E208451740011E6E4 /* WireWidget.mm in Sources */,
				FF0D40602084528E0011E6E4 /* Rack.m in Sources */,
				FF0D40652084593B0011E6E4 /* EngineAudioInterface.mm in Sources */,
				FFA6C0A82079DF5300F039B3 /* AppDelegate.swift in Sources */,
				FF260F09208BB35900821190 /* LFO1Widget.mm in Sources */,
			);
			runOnlyForDeploymentPostprocessing = 0;
		};
/* End PBXSourcesBuildPhase section */

/* Begin PBXVariantGroup section */
		FFA6C0AB2079DF5300F039B3 /* Main.storyboard */ = {
			isa = PBXVariantGroup;
			children = (
				FFA6C0AC2079DF5300F039B3 /* Base */,
			);
			name = Main.storyboard;
			sourceTree = "<group>";
		};
		FFA6C0B02079DF5300F039B3 /* LaunchScreen.storyboard */ = {
			isa = PBXVariantGroup;
			children = (
				FFA6C0B12079DF5300F039B3 /* Base */,
			);
			name = LaunchScreen.storyboard;
			sourceTree = "<group>";
		};
/* End PBXVariantGroup section */

/* Begin XCBuildConfiguration section */
		FFA6C0B42079DF5300F039B3 /* Debug */ = {
			isa = XCBuildConfiguration;
			buildSettings = {
				ALWAYS_SEARCH_USER_PATHS = NO;
				CLANG_ANALYZER_NONNULL = YES;
				CLANG_ANALYZER_NUMBER_OBJECT_CONVERSION = YES_AGGRESSIVE;
				CLANG_CXX_LANGUAGE_STANDARD = "gnu++14";
				CLANG_CXX_LIBRARY = "libc++";
				CLANG_ENABLE_MODULES = YES;
				CLANG_ENABLE_OBJC_ARC = YES;
				CLANG_WARN_BLOCK_CAPTURE_AUTORELEASING = YES;
				CLANG_WARN_BOOL_CONVERSION = YES;
				CLANG_WARN_COMMA = YES;
				CLANG_WARN_CONSTANT_CONVERSION = YES;
				CLANG_WARN_DIRECT_OBJC_ISA_USAGE = YES_ERROR;
				CLANG_WARN_DOCUMENTATION_COMMENTS = YES;
				CLANG_WARN_EMPTY_BODY = YES;
				CLANG_WARN_ENUM_CONVERSION = YES;
				CLANG_WARN_INFINITE_RECURSION = YES;
				CLANG_WARN_INT_CONVERSION = YES;
				CLANG_WARN_NON_LITERAL_NULL_CONVERSION = YES;
				CLANG_WARN_OBJC_LITERAL_CONVERSION = YES;
				CLANG_WARN_OBJC_ROOT_CLASS = YES_ERROR;
				CLANG_WARN_RANGE_LOOP_ANALYSIS = YES;
				CLANG_WARN_STRICT_PROTOTYPES = YES;
				CLANG_WARN_SUSPICIOUS_MOVE = YES;
				CLANG_WARN_UNGUARDED_AVAILABILITY = YES_AGGRESSIVE;
				CLANG_WARN_UNREACHABLE_CODE = YES;
				CLANG_WARN__DUPLICATE_METHOD_MATCH = YES;
				CODE_SIGN_IDENTITY = "iPhone Developer";
				COPY_PHASE_STRIP = NO;
				DEBUG_INFORMATION_FORMAT = dwarf;
				ENABLE_STRICT_OBJC_MSGSEND = YES;
				ENABLE_TESTABILITY = YES;
				GCC_C_LANGUAGE_STANDARD = gnu11;
				GCC_DYNAMIC_NO_PIC = NO;
				GCC_NO_COMMON_BLOCKS = YES;
				GCC_OPTIMIZATION_LEVEL = 0;
				GCC_PREPROCESSOR_DEFINITIONS = (
					"DEBUG=1",
					"$(inherited)",
				);
				GCC_WARN_64_TO_32_BIT_CONVERSION = YES;
				GCC_WARN_ABOUT_RETURN_TYPE = YES_ERROR;
				GCC_WARN_UNDECLARED_SELECTOR = YES;
				GCC_WARN_UNINITIALIZED_AUTOS = YES_AGGRESSIVE;
				GCC_WARN_UNUSED_FUNCTION = YES;
				GCC_WARN_UNUSED_VARIABLE = YES;
				IPHONEOS_DEPLOYMENT_TARGET = 11.2;
				MTL_ENABLE_DEBUG_INFO = YES;
				ONLY_ACTIVE_ARCH = YES;
				SDKROOT = iphoneos;
				SWIFT_ACTIVE_COMPILATION_CONDITIONS = DEBUG;
				SWIFT_OPTIMIZATION_LEVEL = "-Onone";
			};
			name = Debug;
		};
		FFA6C0B52079DF5300F039B3 /* Release */ = {
			isa = XCBuildConfiguration;
			buildSettings = {
				ALWAYS_SEARCH_USER_PATHS = NO;
				CLANG_ANALYZER_NONNULL = YES;
				CLANG_ANALYZER_NUMBER_OBJECT_CONVERSION = YES_AGGRESSIVE;
				CLANG_CXX_LANGUAGE_STANDARD = "gnu++14";
				CLANG_CXX_LIBRARY = "libc++";
				CLANG_ENABLE_MODULES = YES;
				CLANG_ENABLE_OBJC_ARC = YES;
				CLANG_WARN_BLOCK_CAPTURE_AUTORELEASING = YES;
				CLANG_WARN_BOOL_CONVERSION = YES;
				CLANG_WARN_COMMA = YES;
				CLANG_WARN_CONSTANT_CONVERSION = YES;
				CLANG_WARN_DIRECT_OBJC_ISA_USAGE = YES_ERROR;
				CLANG_WARN_DOCUMENTATION_COMMENTS = YES;
				CLANG_WARN_EMPTY_BODY = YES;
				CLANG_WARN_ENUM_CONVERSION = YES;
				CLANG_WARN_INFINITE_RECURSION = YES;
				CLANG_WARN_INT_CONVERSION = YES;
				CLANG_WARN_NON_LITERAL_NULL_CONVERSION = YES;
				CLANG_WARN_OBJC_LITERAL_CONVERSION = YES;
				CLANG_WARN_OBJC_ROOT_CLASS = YES_ERROR;
				CLANG_WARN_RANGE_LOOP_ANALYSIS = YES;
				CLANG_WARN_STRICT_PROTOTYPES = YES;
				CLANG_WARN_SUSPICIOUS_MOVE = YES;
				CLANG_WARN_UNGUARDED_AVAILABILITY = YES_AGGRESSIVE;
				CLANG_WARN_UNREACHABLE_CODE = YES;
				CLANG_WARN__DUPLICATE_METHOD_MATCH = YES;
				CODE_SIGN_IDENTITY = "iPhone Developer";
				COPY_PHASE_STRIP = NO;
				DEBUG_INFORMATION_FORMAT = "dwarf-with-dsym";
				ENABLE_NS_ASSERTIONS = NO;
				ENABLE_STRICT_OBJC_MSGSEND = YES;
				GCC_C_LANGUAGE_STANDARD = gnu11;
				GCC_NO_COMMON_BLOCKS = YES;
				GCC_WARN_64_TO_32_BIT_CONVERSION = YES;
				GCC_WARN_ABOUT_RETURN_TYPE = YES_ERROR;
				GCC_WARN_UNDECLARED_SELECTOR = YES;
				GCC_WARN_UNINITIALIZED_AUTOS = YES_AGGRESSIVE;
				GCC_WARN_UNUSED_FUNCTION = YES;
				GCC_WARN_UNUSED_VARIABLE = YES;
				IPHONEOS_DEPLOYMENT_TARGET = 11.2;
				MTL_ENABLE_DEBUG_INFO = NO;
				SDKROOT = iphoneos;
				SWIFT_OPTIMIZATION_LEVEL = "-Owholemodule";
				VALIDATE_PRODUCT = YES;
			};
			name = Release;
		};
		FFA6C0B72079DF5300F039B3 /* Debug */ = {
			isa = XCBuildConfiguration;
			buildSettings = {
				ASSETCATALOG_COMPILER_APPICON_NAME = AppIcon;
				CLANG_ENABLE_MODULES = YES;
				CODE_SIGN_STYLE = Automatic;
				DEVELOPMENT_TEAM = EQRQCAG846;
				INFOPLIST_FILE = Modular/Info.plist;
				LD_RUNPATH_SEARCH_PATHS = "$(inherited) @executable_path/Frameworks";
				OTHER_LDFLAGS = "-lstdc++";
				PRODUCT_BUNDLE_IDENTIFIER = com.pixite.Modular;
				PRODUCT_NAME = "$(TARGET_NAME)";
				SWIFT_OBJC_BRIDGING_HEADER = "";
				SWIFT_OPTIMIZATION_LEVEL = "-Onone";
				SWIFT_VERSION = 4.0;
				TARGETED_DEVICE_FAMILY = "1,2";
			};
			name = Debug;
		};
		FFA6C0B82079DF5300F039B3 /* Release */ = {
			isa = XCBuildConfiguration;
			buildSettings = {
				ASSETCATALOG_COMPILER_APPICON_NAME = AppIcon;
				CLANG_ENABLE_MODULES = YES;
				CODE_SIGN_STYLE = Automatic;
				DEVELOPMENT_TEAM = EQRQCAG846;
				INFOPLIST_FILE = Modular/Info.plist;
				LD_RUNPATH_SEARCH_PATHS = "$(inherited) @executable_path/Frameworks";
				OTHER_LDFLAGS = "-lstdc++";
				PRODUCT_BUNDLE_IDENTIFIER = com.pixite.Modular;
				PRODUCT_NAME = "$(TARGET_NAME)";
				SWIFT_OBJC_BRIDGING_HEADER = "";
				SWIFT_VERSION = 4.0;
				TARGETED_DEVICE_FAMILY = "1,2";
			};
			name = Release;
		};
/* End XCBuildConfiguration section */

/* Begin XCConfigurationList section */
		FFA6C09F2079DF5300F039B3 /* Build configuration list for PBXProject "Modular" */ = {
			isa = XCConfigurationList;
			buildConfigurations = (
				FFA6C0B42079DF5300F039B3 /* Debug */,
				FFA6C0B52079DF5300F039B3 /* Release */,
			);
			defaultConfigurationIsVisible = 0;
			defaultConfigurationName = Release;
		};
		FFA6C0B62079DF5300F039B3 /* Build configuration list for PBXNativeTarget "Modular" */ = {
			isa = XCConfigurationList;
			buildConfigurations = (
				FFA6C0B72079DF5300F039B3 /* Debug */,
				FFA6C0B82079DF5300F039B3 /* Release */,
			);
			defaultConfigurationIsVisible = 0;
			defaultConfigurationName = Release;
		};
/* End XCConfigurationList section */
	};
	rootObject = FFA6C09C2079DF5300F039B3 /* Project object */;
}
